// !$*UTF8*$!
{
	archiveVersion = 1;
	classes = {
	};
	objectVersion = 46;
	objects = {

/* Begin PBXBuildFile section */
		430719591D357DE7007A1547 /* AppDelegate.swift in Sources */ = {isa = PBXBuildFile; fileRef = 430719581D357DE7007A1547 /* AppDelegate.swift */; };
		4307195B1D357DE7007A1547 /* ViewController.swift in Sources */ = {isa = PBXBuildFile; fileRef = 4307195A1D357DE7007A1547 /* ViewController.swift */; };
		4307195E1D357DE7007A1547 /* Main.storyboard in Resources */ = {isa = PBXBuildFile; fileRef = 4307195C1D357DE7007A1547 /* Main.storyboard */; };
		430719601D357DE7007A1547 /* Assets.xcassets in Resources */ = {isa = PBXBuildFile; fileRef = 4307195F1D357DE7007A1547 /* Assets.xcassets */; };
		430719631D357DE7007A1547 /* LaunchScreen.storyboard in Resources */ = {isa = PBXBuildFile; fileRef = 430719611D357DE7007A1547 /* LaunchScreen.storyboard */; };
/* End PBXBuildFile section */

/* Begin PBXFileReference section */
		430719551D357DE7007A1547 /* TesseractTest-Ar-Ack.app */ = {isa = PBXFileReference; explicitFileType = wrapper.application; includeInIndex = 0; path = "TesseractTest-Ar-Ack.app"; sourceTree = BUILT_PRODUCTS_DIR; };
		430719581D357DE7007A1547 /* AppDelegate.swift */ = {isa = PBXFileReference; lastKnownFileType = sourcecode.swift; path = AppDelegate.swift; sourceTree = "<group>"; };
		4307195A1D357DE7007A1547 /* ViewController.swift */ = {isa = PBXFileReference; lastKnownFileType = sourcecode.swift; path = ViewController.swift; sourceTree = "<group>"; };
		4307195D1D357DE7007A1547 /* Base */ = {isa = PBXFileReference; lastKnownFileType = file.storyboard; name = Base; path = Base.lproj/Main.storyboard; sourceTree = "<group>"; };
		4307195F1D357DE7007A1547 /* Assets.xcassets */ = {isa = PBXFileReference; lastKnownFileType = folder.assetcatalog; path = Assets.xcassets; sourceTree = "<group>"; };
		430719621D357DE7007A1547 /* Base */ = {isa = PBXFileReference; lastKnownFileType = file.storyboard; name = Base; path = Base.lproj/LaunchScreen.storyboard; sourceTree = "<group>"; };
		430719641D357DE7007A1547 /* Info.plist */ = {isa = PBXFileReference; lastKnownFileType = text.plist.xml; path = Info.plist; sourceTree = "<group>"; };
/* End PBXFileReference section */

/* Begin PBXFrameworksBuildPhase section */
		430719521D357DE7007A1547 /* Frameworks */ = {
			isa = PBXFrameworksBuildPhase;
			buildActionMask = 2147483647;
			files = (
			);
			runOnlyForDeploymentPostprocessing = 0;
		};
/* End PBXFrameworksBuildPhase section */

/* Begin PBXGroup section */
		4307194C1D357DE7007A1547 = {
			isa = PBXGroup;
			children = (
				430719571D357DE7007A1547 /* TesseractTest-Ar-Ack */,
				430719561D357DE7007A1547 /* Products */,
			);
			sourceTree = "<group>";
		};
		430719561D357DE7007A1547 /* Products */ = {
			isa = PBXGroup;
			children = (
				430719551D357DE7007A1547 /* TesseractTest-Ar-Ack.app */,
			);
			name = Products;
			sourceTree = "<group>";
		};
		430719571D357DE7007A1547 /* TesseractTest-Ar-Ack */ = {
			isa = PBXGroup;
			children = (
				430719581D357DE7007A1547 /* AppDelegate.swift */,
				4307195A1D357DE7007A1547 /* ViewController.swift */,
				4307195C1D357DE7007A1547 /* Main.storyboard */,
				4307195F1D357DE7007A1547 /* Assets.xcassets */,
				430719611D357DE7007A1547 /* LaunchScreen.storyboard */,
				430719641D357DE7007A1547 /* Info.plist */,
			);
			path = "TesseractTest-Ar-Ack";
			sourceTree = "<group>";
		};
/* End PBXGroup section */

/* Begin PBXNativeTarget section */
		430719541D357DE7007A1547 /* TesseractTest-Ar-Ack */ = {
			isa = PBXNativeTarget;
			buildConfigurationList = 430719671D357DE7007A1547 /* Build configuration list for PBXNativeTarget "TesseractTest-Ar-Ack" */;
			buildPhases = (
				430719511D357DE7007A1547 /* Sources */,
				430719521D357DE7007A1547 /* Frameworks */,
				430719531D357DE7007A1547 /* Resources */,
			);
			buildRules = (
			);
			dependencies = (
			);
			name = "TesseractTest-Ar-Ack";
			productName = "TesseractTest-Ar-Ack";
			productReference = 430719551D357DE7007A1547 /* TesseractTest-Ar-Ack.app */;
			productType = "com.apple.product-type.application";
		};
/* End PBXNativeTarget section */

/* Begin PBXProject section */
		4307194D1D357DE7007A1547 /* Project object */ = {
			isa = PBXProject;
			attributes = {
				LastSwiftUpdateCheck = 0730;
				LastUpgradeCheck = 0730;
				ORGANIZATIONNAME = "Patrick Cooke";
				TargetAttributes = {
					430719541D357DE7007A1547 = {
						CreatedOnToolsVersion = 7.3;
					};
				};
			};
			buildConfigurationList = 430719501D357DE7007A1547 /* Build configuration list for PBXProject "TesseractTest-Ar-Ack" */;
			compatibilityVersion = "Xcode 3.2";
			developmentRegion = English;
			hasScannedForEncodings = 0;
			knownRegions = (
				en,
				Base,
			);
			mainGroup = 4307194C1D357DE7007A1547;
			productRefGroup = 430719561D357DE7007A1547 /* Products */;
			projectDirPath = "";
			projectRoot = "";
			targets = (
				430719541D357DE7007A1547 /* TesseractTest-Ar-Ack */,
			);
		};
/* End PBXProject section */

/* Begin PBXResourcesBuildPhase section */
		430719531D357DE7007A1547 /* Resources */ = {
			isa = PBXResourcesBuildPhase;
			buildActionMask = 2147483647;
			files = (
				430719631D357DE7007A1547 /* LaunchScreen.storyboard in Resources */,
				430719601D357DE7007A1547 /* Assets.xcassets in Resources */,
				4307195E1D357DE7007A1547 /* Main.storyboard in Resources */,
			);
			runOnlyForDeploymentPostprocessing = 0;
		};
/* End PBXResourcesBuildPhase section */

/* Begin PBXSourcesBuildPhase section */
		430719511D357DE7007A1547 /* Sources */ = {
			isa = PBXSourcesBuildPhase;
			buildActionMask = 2147483647;
			files = (
				4307195B1D357DE7007A1547 /* ViewController.swift in Sources */,
				430719591D357DE7007A1547 /* AppDelegate.swift in Sources */,
			);
			runOnlyForDeploymentPostprocessing = 0;
		};
/* End PBXSourcesBuildPhase section */

/* Begin PBXVariantGroup section */
		4307195C1D357DE7007A1547 /* Main.storyboard */ = {
			isa = PBXVariantGroup;
			children = (
				4307195D1D357DE7007A1547 /* Base */,
			);
			name = Main.storyboard;
			sourceTree = "<group>";
		};
		430719611D357DE7007A1547 /* LaunchScreen.storyboard */ = {
			isa = PBXVariantGroup;
			children = (
				430719621D357DE7007A1547 /* Base */,
			);
			name = LaunchScreen.storyboard;
			sourceTree = "<group>";
		};
/* End PBXVariantGroup section */

/* Begin XCBuildConfiguration section */
		430719651D357DE7007A1547 /* Debug */ = {
			isa = XCBuildConfiguration;
			buildSettings = {
				ALWAYS_SEARCH_USER_PATHS = NO;
				CLANG_ANALYZER_NONNULL = YES;
				CLANG_CXX_LANGUAGE_STANDARD = "gnu++0x";
				CLANG_CXX_LIBRARY = "libc++";
				CLANG_ENABLE_MODULES = YES;
				CLANG_ENABLE_OBJC_ARC = YES;
				CLANG_WARN_BOOL_CONVERSION = YES;
				CLANG_WARN_CONSTANT_CONVERSION = YES;
				CLANG_WARN_DIRECT_OBJC_ISA_USAGE = YES_ERROR;
				CLANG_WARN_EMPTY_BODY = YES;
				CLANG_WARN_ENUM_CONVERSION = YES;
				CLANG_WARN_INT_CONVERSION = YES;
				CLANG_WARN_OBJC_ROOT_CLASS = YES_ERROR;
				CLANG_WARN_UNREACHABLE_CODE = YES;
				CLANG_WARN__DUPLICATE_METHOD_MATCH = YES;
				"CODE_SIGN_IDENTITY[sdk=iphoneos*]" = "iPhone Developer";
				COPY_PHASE_STRIP = NO;
				DEBUG_INFORMATION_FORMAT = dwarf;
				ENABLE_STRICT_OBJC_MSGSEND = YES;
				ENABLE_TESTABILITY = YES;
				GCC_C_LANGUAGE_STANDARD = gnu99;
				GCC_DYNAMIC_NO_PIC = NO;
				GCC_NO_COMMON_BLOCKS = YES;
				GCC_OPTIMIZATION_LEVEL = 0;
				GCC_PREPROCESSOR_DEFINITIONS = (
					"DEBUG=1",
					"$(inherited)",
				);
				GCC_WARN_64_TO_32_BIT_CONVERSION = YES;
				GCC_WARN_ABOUT_RETURN_TYPE = YES_ERROR;
				GCC_WARN_UNDECLARED_SELECTOR = YES;
				GCC_WARN_UNINITIALIZED_AUTOS = YES_AGGRESSIVE;
				GCC_WARN_UNUSED_FUNCTION = YES;
				GCC_WARN_UNUSED_VARIABLE = YES;
				IPHONEOS_DEPLOYMENT_TARGET = 9.3;
				MTL_ENABLE_DEBUG_INFO = YES;
				ONLY_ACTIVE_ARCH = YES;
				SDKROOT = iphoneos;
				SWIFT_OPTIMIZATION_LEVEL = "-Onone";
				TARGETED_DEVICE_FAMILY = "1,2";
			};
			name = Debug;
		};
		430719661D357DE7007A1547 /* Release */ = {
			isa = XCBuildConfiguration;
			buildSettings = {
				ALWAYS_SEARCH_USER_PATHS = NO;
				CLANG_ANALYZER_NONNULL = YES;
				CLANG_CXX_LANGUAGE_STANDARD = "gnu++0x";
				CLANG_CXX_LIBRARY = "libc++";
				CLANG_ENABLE_MODULES = YES;
				CLANG_ENABLE_OBJC_ARC = YES;
				CLANG_WARN_BOOL_CONVERSION = YES;
				CLANG_WARN_CONSTANT_CONVERSION = YES;
				CLANG_WARN_DIRECT_OBJC_ISA_USAGE = YES_ERROR;
				CLANG_WARN_EMPTY_BODY = YES;
				CLANG_WARN_ENUM_CONVERSION = YES;
				CLANG_WARN_INT_CONVERSION = YES;
				CLANG_WARN_OBJC_ROOT_CLASS = YES_ERROR;
				CLANG_WARN_UNREACHABLE_CODE = YES;
				CLANG_WARN__DUPLICATE_METHOD_MATCH = YES;
				"CODE_SIGN_IDENTITY[sdk=iphoneos*]" = "iPhone Developer";
				COPY_PHASE_STRIP = NO;
				DEBUG_INFORMATION_FORMAT = "dwarf-with-dsym";
				ENABLE_NS_ASSERTIONS = NO;
				ENABLE_STRICT_OBJC_MSGSEND = YES;
				GCC_C_LANGUAGE_STANDARD = gnu99;
				GCC_NO_COMMON_BLOCKS = YES;
				GCC_WARN_64_TO_32_BIT_CONVERSION = YES;
				GCC_WARN_ABOUT_RETURN_TYPE = YES_ERROR;
				GCC_WARN_UNDECLARED_SELECTOR = YES;
				GCC_WARN_UNINITIALIZED_AUTOS = YES_AGGRESSIVE;
				GCC_WARN_UNUSED_FUNCTION = YES;
				GCC_WARN_UNUSED_VARIABLE = YES;
				IPHONEOS_DEPLOYMENT_TARGET = 9.3;
				MTL_ENABLE_DEBUG_INFO = NO;
				SDKROOT = iphoneos;
				TARGETED_DEVICE_FAMILY = "1,2";
				VALIDATE_PRODUCT = YES;
			};
			name = Release;
		};
		430719681D357DE7007A1547 /* Debug */ = {
			isa = XCBuildConfiguration;
			buildSettings = {
				ASSETCATALOG_COMPILER_APPICON_NAME = AppIcon;
				INFOPLIST_FILE = "TesseractTest-Ar-Ack/Info.plist";
				LD_RUNPATH_SEARCH_PATHS = "$(inherited) @executable_path/Frameworks";
				PRODUCT_BUNDLE_IDENTIFIER = "com.appsbypat.TesseractTest-Ar-Ack";
				PRODUCT_NAME = "$(TARGET_NAME)";
			};
			name = Debug;
		};
		430719691D357DE7007A1547 /* Release */ = {
			isa = XCBuildConfiguration;
			buildSettings = {
				ASSETCATALOG_COMPILER_APPICON_NAME = AppIcon;
				INFOPLIST_FILE = "TesseractTest-Ar-Ack/Info.plist";
				LD_RUNPATH_SEARCH_PATHS = "$(inherited) @executable_path/Frameworks";
				PRODUCT_BUNDLE_IDENTIFIER = "com.appsbypat.TesseractTest-Ar-Ack";
				PRODUCT_NAME = "$(TARGET_NAME)";
			};
			name = Release;
		};
/* End XCBuildConfiguration section */

/* Begin XCConfigurationList section */
		430719501D357DE7007A1547 /* Build configuration list for PBXProject "TesseractTest-Ar-Ack" */ = {
			isa = XCConfigurationList;
			buildConfigurations = (
				430719651D357DE7007A1547 /* Debug */,
				430719661D357DE7007A1547 /* Release */,
			);
			defaultConfigurationIsVisible = 0;
			defaultConfigurationName = Release;
		};
		430719671D357DE7007A1547 /* Build configuration list for PBXNativeTarget "TesseractTest-Ar-Ack" */ = {
			isa = XCConfigurationList;
			buildConfigurations = (
				430719681D357DE7007A1547 /* Debug */,
				430719691D357DE7007A1547 /* Release */,
			);
			defaultConfigurationIsVisible = 0;
		};
/* End XCConfigurationList section */
	};
	rootObject = 4307194D1D357DE7007A1547 /* Project object */;
}
